// !$*UTF8*$!
{
	archiveVersion = 1;
	classes = {
	};
	objectVersion = 55;
	objects = {

/* Begin PBXBuildFile section */
		042E2D5129B32D1800A45CBC /* PopulationViewController.swift in Sources */ = {isa = PBXBuildFile; fileRef = 042E2D5029B32D1800A45CBC /* PopulationViewController.swift */; };
		042E2D5329B32F9900A45CBC /* Population.swift in Sources */ = {isa = PBXBuildFile; fileRef = 042E2D5229B32F9900A45CBC /* Population.swift */; };
		046A19D629B30B710065F80C /* AppDelegate.swift in Sources */ = {isa = PBXBuildFile; fileRef = 046A19D529B30B710065F80C /* AppDelegate.swift */; };
		046A19D829B30B710065F80C /* SceneDelegate.swift in Sources */ = {isa = PBXBuildFile; fileRef = 046A19D729B30B710065F80C /* SceneDelegate.swift */; };
		046A19DA29B30B710065F80C /* UserViewController.swift in Sources */ = {isa = PBXBuildFile; fileRef = 046A19D929B30B710065F80C /* UserViewController.swift */; };
		046A19DD29B30B710065F80C /* Main.storyboard in Resources */ = {isa = PBXBuildFile; fileRef = 046A19DB29B30B710065F80C /* Main.storyboard */; };
		046A19DF29B30B740065F80C /* Assets.xcassets in Resources */ = {isa = PBXBuildFile; fileRef = 046A19DE29B30B740065F80C /* Assets.xcassets */; };
		046A19E229B30B740065F80C /* LaunchScreen.storyboard in Resources */ = {isa = PBXBuildFile; fileRef = 046A19E029B30B740065F80C /* LaunchScreen.storyboard */; };
		048CEA7C29B3133F00AFB241 /* UserCollectionViewCell.swift in Sources */ = {isa = PBXBuildFile; fileRef = 048CEA7A29B3133E00AFB241 /* UserCollectionViewCell.swift */; };
		048CEA7D29B3133F00AFB241 /* UserCollectionViewCell.xib in Resources */ = {isa = PBXBuildFile; fileRef = 048CEA7B29B3133F00AFB241 /* UserCollectionViewCell.xib */; };
		048CEA7F29B314C700AFB241 /* User.swift in Sources */ = {isa = PBXBuildFile; fileRef = 048CEA7E29B314C700AFB241 /* User.swift */; };
		04FE2B7B29B348B9009F1726 /* PopulationApiTableViewCell.swift in Sources */ = {isa = PBXBuildFile; fileRef = 04FE2B7929B348B9009F1726 /* PopulationApiTableViewCell.swift */; };
		04FE2B7C29B348B9009F1726 /* PopulationApiTableViewCell.xib in Resources */ = {isa = PBXBuildFile; fileRef = 04FE2B7A29B348B9009F1726 /* PopulationApiTableViewCell.xib */; };
/* End PBXBuildFile section */

/* Begin PBXFileReference section */
		042E2D5029B32D1800A45CBC /* PopulationViewController.swift */ = {isa = PBXFileReference; lastKnownFileType = sourcecode.swift; path = PopulationViewController.swift; sourceTree = "<group>"; };
		042E2D5229B32F9900A45CBC /* Population.swift */ = {isa = PBXFileReference; lastKnownFileType = sourcecode.swift; path = Population.swift; sourceTree = "<group>"; };
		046A19D229B30B710065F80C /* MachineTest4_3_23.app */ = {isa = PBXFileReference; explicitFileType = wrapper.application; includeInIndex = 0; path = MachineTest4_3_23.app; sourceTree = BUILT_PRODUCTS_DIR; };
		046A19D529B30B710065F80C /* AppDelegate.swift */ = {isa = PBXFileReference; lastKnownFileType = sourcecode.swift; path = AppDelegate.swift; sourceTree = "<group>"; };
		046A19D729B30B710065F80C /* SceneDelegate.swift */ = {isa = PBXFileReference; lastKnownFileType = sourcecode.swift; path = SceneDelegate.swift; sourceTree = "<group>"; };
		046A19D929B30B710065F80C /* UserViewController.swift */ = {isa = PBXFileReference; lastKnownFileType = sourcecode.swift; path = UserViewController.swift; sourceTree = "<group>"; };
		046A19DC29B30B710065F80C /* Base */ = {isa = PBXFileReference; lastKnownFileType = file.storyboard; name = Base; path = Base.lproj/Main.storyboard; sourceTree = "<group>"; };
		046A19DE29B30B740065F80C /* Assets.xcassets */ = {isa = PBXFileReference; lastKnownFileType = folder.assetcatalog; path = Assets.xcassets; sourceTree = "<group>"; };
		046A19E129B30B740065F80C /* Base */ = {isa = PBXFileReference; lastKnownFileType = file.storyboard; name = Base; path = Base.lproj/LaunchScreen.storyboard; sourceTree = "<group>"; };
		046A19E329B30B740065F80C /* Info.plist */ = {isa = PBXFileReference; lastKnownFileType = text.plist.xml; path = Info.plist; sourceTree = "<group>"; };
		048CEA7A29B3133E00AFB241 /* UserCollectionViewCell.swift */ = {isa = PBXFileReference; lastKnownFileType = sourcecode.swift; path = UserCollectionViewCell.swift; sourceTree = "<group>"; };
		048CEA7B29B3133F00AFB241 /* UserCollectionViewCell.xib */ = {isa = PBXFileReference; lastKnownFileType = file.xib; path = UserCollectionViewCell.xib; sourceTree = "<group>"; };
		048CEA7E29B314C700AFB241 /* User.swift */ = {isa = PBXFileReference; lastKnownFileType = sourcecode.swift; path = User.swift; sourceTree = "<group>"; };
		04FE2B7929B348B9009F1726 /* PopulationApiTableViewCell.swift */ = {isa = PBXFileReference; lastKnownFileType = sourcecode.swift; path = PopulationApiTableViewCell.swift; sourceTree = "<group>"; };
		04FE2B7A29B348B9009F1726 /* PopulationApiTableViewCell.xib */ = {isa = PBXFileReference; lastKnownFileType = file.xib; path = PopulationApiTableViewCell.xib; sourceTree = "<group>"; };
/* End PBXFileReference section */

/* Begin PBXFrameworksBuildPhase section */
		046A19CF29B30B710065F80C /* Frameworks */ = {
			isa = PBXFrameworksBuildPhase;
			buildActionMask = 2147483647;
			files = (
			);
			runOnlyForDeploymentPostprocessing = 0;
		};
/* End PBXFrameworksBuildPhase section */

/* Begin PBXGroup section */
		046A19C929B30B710065F80C = {
			isa = PBXGroup;
			children = (
				046A19D429B30B710065F80C /* MachineTest4_3_23 */,
				046A19D329B30B710065F80C /* Products */,
			);
			sourceTree = "<group>";
		};
		046A19D329B30B710065F80C /* Products */ = {
			isa = PBXGroup;
			children = (
				046A19D229B30B710065F80C /* MachineTest4_3_23.app */,
			);
			name = Products;
			sourceTree = "<group>";
		};
		046A19D429B30B710065F80C /* MachineTest4_3_23 */ = {
			isa = PBXGroup;
			children = (
				046A19D529B30B710065F80C /* AppDelegate.swift */,
				046A19D729B30B710065F80C /* SceneDelegate.swift */,
				046A19D929B30B710065F80C /* UserViewController.swift */,
				046A19DB29B30B710065F80C /* Main.storyboard */,
				046A19DE29B30B740065F80C /* Assets.xcassets */,
				046A19E029B30B740065F80C /* LaunchScreen.storyboard */,
				046A19E329B30B740065F80C /* Info.plist */,
				048CEA7A29B3133E00AFB241 /* UserCollectionViewCell.swift */,
				048CEA7B29B3133F00AFB241 /* UserCollectionViewCell.xib */,
				048CEA7E29B314C700AFB241 /* User.swift */,
				042E2D5029B32D1800A45CBC /* PopulationViewController.swift */,
				042E2D5229B32F9900A45CBC /* Population.swift */,
				04FE2B7929B348B9009F1726 /* PopulationApiTableViewCell.swift */,
				04FE2B7A29B348B9009F1726 /* PopulationApiTableViewCell.xib */,
			);
			path = MachineTest4_3_23;
			sourceTree = "<group>";
		};
/* End PBXGroup section */

/* Begin PBXNativeTarget section */
		046A19D129B30B710065F80C /* MachineTest4_3_23 */ = {
			isa = PBXNativeTarget;
			buildConfigurationList = 046A19E629B30B740065F80C /* Build configuration list for PBXNativeTarget "MachineTest4_3_23" */;
			buildPhases = (
				046A19CE29B30B710065F80C /* Sources */,
				046A19CF29B30B710065F80C /* Frameworks */,
				046A19D029B30B710065F80C /* Resources */,
			);
			buildRules = (
			);
			dependencies = (
			);
			name = MachineTest4_3_23;
			productName = MachineTest4_3_23;
			productReference = 046A19D229B30B710065F80C /* MachineTest4_3_23.app */;
			productType = "com.apple.product-type.application";
		};
/* End PBXNativeTarget section */

/* Begin PBXProject section */
		046A19CA29B30B710065F80C /* Project object */ = {
			isa = PBXProject;
			attributes = {
				BuildIndependentTargetsInParallel = 1;
				LastSwiftUpdateCheck = 1340;
				LastUpgradeCheck = 1340;
				TargetAttributes = {
					046A19D129B30B710065F80C = {
						CreatedOnToolsVersion = 13.4.1;
					};
				};
			};
			buildConfigurationList = 046A19CD29B30B710065F80C /* Build configuration list for PBXProject "MachineTest4_3_23" */;
			compatibilityVersion = "Xcode 13.0";
			developmentRegion = en;
			hasScannedForEncodings = 0;
			knownRegions = (
				en,
				Base,
			);
			mainGroup = 046A19C929B30B710065F80C;
			productRefGroup = 046A19D329B30B710065F80C /* Products */;
			projectDirPath = "";
			projectRoot = "";
			targets = (
				046A19D129B30B710065F80C /* MachineTest4_3_23 */,
			);
		};
/* End PBXProject section */

/* Begin PBXResourcesBuildPhase section */
		046A19D029B30B710065F80C /* Resources */ = {
			isa = PBXResourcesBuildPhase;
			buildActionMask = 2147483647;
			files = (
				046A19E229B30B740065F80C /* LaunchScreen.storyboard in Resources */,
				04FE2B7C29B348B9009F1726 /* PopulationApiTableViewCell.xib in Resources */,
				048CEA7D29B3133F00AFB241 /* UserCollectionViewCell.xib in Resources */,
				046A19DF29B30B740065F80C /* Assets.xcassets in Resources */,
				046A19DD29B30B710065F80C /* Main.storyboard in Resources */,
			);
			runOnlyForDeploymentPostprocessing = 0;
		};
/* End PBXResourcesBuildPhase section */

/* Begin PBXSourcesBuildPhase section */
		046A19CE29B30B710065F80C /* Sources */ = {
			isa = PBXSourcesBuildPhase;
			buildActionMask = 2147483647;
			files = (
				046A19DA29B30B710065F80C /* UserViewController.swift in Sources */,
				042E2D5129B32D1800A45CBC /* PopulationViewController.swift in Sources */,
				048CEA7C29B3133F00AFB241 /* UserCollectionViewCell.swift in Sources */,
				042E2D5329B32F9900A45CBC /* Population.swift in Sources */,
				046A19D629B30B710065F80C /* AppDelegate.swift in Sources */,
				048CEA7F29B314C700AFB241 /* User.swift in Sources */,
				04FE2B7B29B348B9009F1726 /* PopulationApiTableViewCell.swift in Sources */,
				046A19D829B30B710065F80C /* SceneDelegate.swift in Sources */,
			);
			runOnlyForDeploymentPostprocessing = 0;
		};
/* End PBXSourcesBuildPhase section */

/* Begin PBXVariantGroup section */
		046A19DB29B30B710065F80C /* Main.storyboard */ = {
			isa = PBXVariantGroup;
			children = (
				046A19DC29B30B710065F80C /* Base */,
			);
			name = Main.storyboard;
			sourceTree = "<group>";
		};
		046A19E029B30B740065F80C /* LaunchScreen.storyboard */ = {
			isa = PBXVariantGroup;
			children = (
				046A19E129B30B740065F80C /* Base */,
			);
			name = LaunchScreen.storyboard;
			sourceTree = "<group>";
		};
/* End PBXVariantGroup section */

/* Begin XCBuildConfiguration section */
		046A19E429B30B740065F80C /* Debug */ = {
			isa = XCBuildConfiguration;
			buildSettings = {
				ALWAYS_SEARCH_USER_PATHS = NO;
				CLANG_ANALYZER_NONNULL = YES;
				CLANG_ANALYZER_NUMBER_OBJECT_CONVERSION = YES_AGGRESSIVE;
				CLANG_CXX_LANGUAGE_STANDARD = "gnu++17";
				CLANG_ENABLE_MODULES = YES;
				CLANG_ENABLE_OBJC_ARC = YES;
				CLANG_ENABLE_OBJC_WEAK = YES;
				CLANG_WARN_BLOCK_CAPTURE_AUTORELEASING = YES;
				CLANG_WARN_BOOL_CONVERSION = YES;
				CLANG_WARN_COMMA = YES;
				CLANG_WARN_CONSTANT_CONVERSION = YES;
				CLANG_WARN_DEPRECATED_OBJC_IMPLEMENTATIONS = YES;
				CLANG_WARN_DIRECT_OBJC_ISA_USAGE = YES_ERROR;
				CLANG_WARN_DOCUMENTATION_COMMENTS = YES;
				CLANG_WARN_EMPTY_BODY = YES;
				CLANG_WARN_ENUM_CONVERSION = YES;
				CLANG_WARN_INFINITE_RECURSION = YES;
				CLANG_WARN_INT_CONVERSION = YES;
				CLANG_WARN_NON_LITERAL_NULL_CONVERSION = YES;
				CLANG_WARN_OBJC_IMPLICIT_RETAIN_SELF = YES;
				CLANG_WARN_OBJC_LITERAL_CONVERSION = YES;
				CLANG_WARN_OBJC_ROOT_CLASS = YES_ERROR;
				CLANG_WARN_QUOTED_INCLUDE_IN_FRAMEWORK_HEADER = YES;
				CLANG_WARN_RANGE_LOOP_ANALYSIS = YES;
				CLANG_WARN_STRICT_PROTOTYPES = YES;
				CLANG_WARN_SUSPICIOUS_MOVE = YES;
				CLANG_WARN_UNGUARDED_AVAILABILITY = YES_AGGRESSIVE;
				CLANG_WARN_UNREACHABLE_CODE = YES;
				CLANG_WARN__DUPLICATE_METHOD_MATCH = YES;
				COPY_PHASE_STRIP = NO;
				DEBUG_INFORMATION_FORMAT = dwarf;
				ENABLE_STRICT_OBJC_MSGSEND = YES;
				ENABLE_TESTABILITY = YES;
				GCC_C_LANGUAGE_STANDARD = gnu11;
				GCC_DYNAMIC_NO_PIC = NO;
				GCC_NO_COMMON_BLOCKS = YES;
				GCC_OPTIMIZATION_LEVEL = 0;
				GCC_PREPROCESSOR_DEFINITIONS = (
					"DEBUG=1",
					"$(inherited)",
				);
				GCC_WARN_64_TO_32_BIT_CONVERSION = YES;
				GCC_WARN_ABOUT_RETURN_TYPE = YES_ERROR;
				GCC_WARN_UNDECLARED_SELECTOR = YES;
				GCC_WARN_UNINITIALIZED_AUTOS = YES_AGGRESSIVE;
				GCC_WARN_UNUSED_FUNCTION = YES;
				GCC_WARN_UNUSED_VARIABLE = YES;
				IPHONEOS_DEPLOYMENT_TARGET = 15.5;
				MTL_ENABLE_DEBUG_INFO = INCLUDE_SOURCE;
				MTL_FAST_MATH = YES;
				ONLY_ACTIVE_ARCH = YES;
				SDKROOT = iphoneos;
				SWIFT_ACTIVE_COMPILATION_CONDITIONS = DEBUG;
				SWIFT_OPTIMIZATION_LEVEL = "-Onone";
			};
			name = Debug;
		};
		046A19E529B30B740065F80C /* Release */ = {
			isa = XCBuildConfiguration;
			buildSettings = {
				ALWAYS_SEARCH_USER_PATHS = NO;
				CLANG_ANALYZER_NONNULL = YES;
				CLANG_ANALYZER_NUMBER_OBJECT_CONVERSION = YES_AGGRESSIVE;
				CLANG_CXX_LANGUAGE_STANDARD = "gnu++17";
				CLANG_ENABLE_MODULES = YES;
				CLANG_ENABLE_OBJC_ARC = YES;
				CLANG_ENABLE_OBJC_WEAK = YES;
				CLANG_WARN_BLOCK_CAPTURE_AUTORELEASING = YES;
				CLANG_WARN_BOOL_CONVERSION = YES;
				CLANG_WARN_COMMA = YES;
				CLANG_WARN_CONSTANT_CONVERSION = YES;
				CLANG_WARN_DEPRECATED_OBJC_IMPLEMENTATIONS = YES;
				CLANG_WARN_DIRECT_OBJC_ISA_USAGE = YES_ERROR;
				CLANG_WARN_DOCUMENTATION_COMMENTS = YES;
				CLANG_WARN_EMPTY_BODY = YES;
				CLANG_WARN_ENUM_CONVERSION = YES;
				CLANG_WARN_INFINITE_RECURSION = YES;
				CLANG_WARN_INT_CONVERSION = YES;
				CLANG_WARN_NON_LITERAL_NULL_CONVERSION = YES;
				CLANG_WARN_OBJC_IMPLICIT_RETAIN_SELF = YES;
				CLANG_WARN_OBJC_LITERAL_CONVERSION = YES;
				CLANG_WARN_OBJC_ROOT_CLASS = YES_ERROR;
				CLANG_WARN_QUOTED_INCLUDE_IN_FRAMEWORK_HEADER = YES;
				CLANG_WARN_RANGE_LOOP_ANALYSIS = YES;
				CLANG_WARN_STRICT_PROTOTYPES = YES;
				CLANG_WARN_SUSPICIOUS_MOVE = YES;
				CLANG_WARN_UNGUARDED_AVAILABILITY = YES_AGGRESSIVE;
				CLANG_WARN_UNREACHABLE_CODE = YES;
				CLANG_WARN__DUPLICATE_METHOD_MATCH = YES;
				COPY_PHASE_STRIP = NO;
				DEBUG_INFORMATION_FORMAT = "dwarf-with-dsym";
				ENABLE_NS_ASSERTIONS = NO;
				ENABLE_STRICT_OBJC_MSGSEND = YES;
				GCC_C_LANGUAGE_STANDARD = gnu11;
				GCC_NO_COMMON_BLOCKS = YES;
				GCC_WARN_64_TO_32_BIT_CONVERSION = YES;
				GCC_WARN_ABOUT_RETURN_TYPE = YES_ERROR;
				GCC_WARN_UNDECLARED_SELECTOR = YES;
				GCC_WARN_UNINITIALIZED_AUTOS = YES_AGGRESSIVE;
				GCC_WARN_UNUSED_FUNCTION = YES;
				GCC_WARN_UNUSED_VARIABLE = YES;
				IPHONEOS_DEPLOYMENT_TARGET = 15.5;
				MTL_ENABLE_DEBUG_INFO = NO;
				MTL_FAST_MATH = YES;
				SDKROOT = iphoneos;
				SWIFT_COMPILATION_MODE = wholemodule;
				SWIFT_OPTIMIZATION_LEVEL = "-O";
				VALIDATE_PRODUCT = YES;
			};
			name = Release;
		};
		046A19E729B30B740065F80C /* Debug */ = {
			isa = XCBuildConfiguration;
			buildSettings = {
				ASSETCATALOG_COMPILER_APPICON_NAME = AppIcon;
				ASSETCATALOG_COMPILER_GLOBAL_ACCENT_COLOR_NAME = AccentColor;
				CODE_SIGN_STYLE = Automatic;
				CURRENT_PROJECT_VERSION = 1;
				GENERATE_INFOPLIST_FILE = YES;
				INFOPLIST_FILE = MachineTest4_3_23/Info.plist;
				INFOPLIST_KEY_UIApplicationSupportsIndirectInputEvents = YES;
				INFOPLIST_KEY_UILaunchStoryboardName = LaunchScreen;
				INFOPLIST_KEY_UIMainStoryboardFile = Main;
				INFOPLIST_KEY_UISupportedInterfaceOrientations_iPad = "UIInterfaceOrientationPortrait UIInterfaceOrientationPortraitUpsideDown UIInterfaceOrientationLandscapeLeft UIInterfaceOrientationLandscapeRight";
				INFOPLIST_KEY_UISupportedInterfaceOrientations_iPhone = "UIInterfaceOrientationPortrait UIInterfaceOrientationLandscapeLeft UIInterfaceOrientationLandscapeRight";
				LD_RUNPATH_SEARCH_PATHS = (
					"$(inherited)",
					"@executable_path/Frameworks",
				);
				MARKETING_VERSION = 1.0;
				PRODUCT_BUNDLE_IDENTIFIER = "bitcode.MachineTest4-3-23";
				PRODUCT_NAME = "$(TARGET_NAME)";
				SWIFT_EMIT_LOC_STRINGS = YES;
				SWIFT_VERSION = 5.0;
				TARGETED_DEVICE_FAMILY = "1,2";
			};
			name = Debug;
		};
		046A19E829B30B740065F80C /* Release */ = {
			isa = XCBuildConfiguration;
			buildSettings = {
				ASSETCATALOG_COMPILER_APPICON_NAME = AppIcon;
				ASSETCATALOG_COMPILER_GLOBAL_ACCENT_COLOR_NAME = AccentColor;
				CODE_SIGN_STYLE = Automatic;
				CURRENT_PROJECT_VERSION = 1;
				GENERATE_INFOPLIST_FILE = YES;
				INFOPLIST_FILE = MachineTest4_3_23/Info.plist;
				INFOPLIST_KEY_UIApplicationSupportsIndirectInputEvents = YES;
				INFOPLIST_KEY_UILaunchStoryboardName = LaunchScreen;
				INFOPLIST_KEY_UIMainStoryboardFile = Main;
				INFOPLIST_KEY_UISupportedInterfaceOrientations_iPad = "UIInterfaceOrientationPortrait UIInterfaceOrientationPortraitUpsideDown UIInterfaceOrientationLandscapeLeft UIInterfaceOrientationLandscapeRight";
				INFOPLIST_KEY_UISupportedInterfaceOrientations_iPhone = "UIInterfaceOrientationPortrait UIInterfaceOrientationLandscapeLeft UIInterfaceOrientationLandscapeRight";
				LD_RUNPATH_SEARCH_PATHS = (
					"$(inherited)",
					"@executable_path/Frameworks",
				);
				MARKETING_VERSION = 1.0;
				PRODUCT_BUNDLE_IDENTIFIER = "bitcode.MachineTest4-3-23";
				PRODUCT_NAME = "$(TARGET_NAME)";
				SWIFT_EMIT_LOC_STRINGS = YES;
				SWIFT_VERSION = 5.0;
				TARGETED_DEVICE_FAMILY = "1,2";
			};
			name = Release;
		};
/* End XCBuildConfiguration section */

/* Begin XCConfigurationList section */
		046A19CD29B30B710065F80C /* Build configuration list for PBXProject "MachineTest4_3_23" */ = {
			isa = XCConfigurationList;
			buildConfigurations = (
				046A19E429B30B740065F80C /* Debug */,
				046A19E529B30B740065F80C /* Release */,
			);
			defaultConfigurationIsVisible = 0;
			defaultConfigurationName = Release;
		};
		046A19E629B30B740065F80C /* Build configuration list for PBXNativeTarget "MachineTest4_3_23" */ = {
			isa = XCConfigurationList;
			buildConfigurations = (
				046A19E729B30B740065F80C /* Debug */,
				046A19E829B30B740065F80C /* Release */,
			);
			defaultConfigurationIsVisible = 0;
			defaultConfigurationName = Release;
		};
/* End XCConfigurationList section */
	};
	rootObject = 046A19CA29B30B710065F80C /* Project object */;
}
